
Microsoft Visual Studio Solution File, Format Version 12.00
# Visual Studio 15
VisualStudioVersion = 15.0.28307.757
MinimumVisualStudioVersion = 10.0.40219.1
Project("{FAE04EC0-301F-11D3-BF4B-00C04F79EFBC}") = "SequelocityDotNet", "SequelocityDotNet\SequelocityDotNet.csproj", "{92B4AC2E-8F4A-47C7-918E-541FD48C16A0}"
EndProject
Project("{FAE04EC0-301F-11D3-BF4B-00C04F79EFBC}") = "SequelocityDotNet.Tests", "SequelocityDotNet.Tests\SequelocityDotNet.Tests.csproj", "{A50249AE-86A7-4E19-B5BA-1E91D7064EC9}"
EndProject
Project("{FAE04EC0-301F-11D3-BF4B-00C04F79EFBC}") = "SequelocityDotNet.Tests.SQLite", "SequelocityDotNet.Tests.SQLite\SequelocityDotNet.Tests.SQLite.csproj", "{D0F1BBCB-4B6A-47A1-9258-E35FD243A8D3}"
EndProject
Project("{FAE04EC0-301F-11D3-BF4B-00C04F79EFBC}") = "SequelocityDotNet.Tests.SqlServer", "SequelocityDotNet.Tests.SqlServer\SequelocityDotNet.Tests.SqlServer.csproj", "{D86507B8-1B4E-408F-91D2-C6DEB3BA5F46}"
EndProject
Project("{FAE04EC0-301F-11D3-BF4B-00C04F79EFBC}") = "SequelocityDotNet.Tests.MySql", "SequelocityDotNet.Tests.MySql\SequelocityDotNet.Tests.MySql.csproj", "{1B4E7BCF-FCA8-4604-9000-45E9ECE2290D}"
EndProject
Project("{2150E333-8FDC-42A3-9474-1A3956D46DE8}") = ".nuget", ".nuget", "{39009076-4216-427D-9EF5-36646C12C71F}"
	ProjectSection(SolutionItems) = preProject
		.nuget\NuGet.Config = .nuget\NuGet.Config
		.nuget\NuGet.exe = .nuget\NuGet.exe
		.nuget\NuGet.targets = .nuget\NuGet.targets
	EndProjectSection
EndProject
Project("{FAE04EC0-301F-11D3-BF4B-00C04F79EFBC}") = "SequelocityDotNet.Tests.PostgreSQL", "SequelocityDotNet.Tests.PostgreSQL\SequelocityDotNet.Tests.PostgreSQL.csproj", "{62E1B0B4-745A-45FD-8CD9-ECDE02A1714E}"
EndProject
Project("{FAE04EC0-301F-11D3-BF4B-00C04F79EFBC}") = "TSVD", "TSVD\TSVD.csproj", "{6DBE1AEB-43AA-4D4E-8A79-559CC5C327C6}"
EndProject
Global
	GlobalSection(SolutionConfigurationPlatforms) = preSolution
		Debug|Any CPU = Debug|Any CPU
		Release|Any CPU = Release|Any CPU
	EndGlobalSection
	GlobalSection(ProjectConfigurationPlatforms) = postSolution
		{92B4AC2E-8F4A-47C7-918E-541FD48C16A0}.Debug|Any CPU.ActiveCfg = Debug|Any CPU
		{92B4AC2E-8F4A-47C7-918E-541FD48C16A0}.Debug|Any CPU.Build.0 = Debug|Any CPU
		{92B4AC2E-8F4A-47C7-918E-541FD48C16A0}.Release|Any CPU.ActiveCfg = Release|Any CPU
		{92B4AC2E-8F4A-47C7-918E-541FD48C16A0}.Release|Any CPU.Build.0 = Release|Any CPU
		{A50249AE-86A7-4E19-B5BA-1E91D7064EC9}.Debug|Any CPU.ActiveCfg = Debug|Any CPU
		{A50249AE-86A7-4E19-B5BA-1E91D7064EC9}.Debug|Any CPU.Build.0 = Debug|Any CPU
		{A50249AE-86A7-4E19-B5BA-1E91D7064EC9}.Release|Any CPU.ActiveCfg = Release|Any CPU
		{A50249AE-86A7-4E19-B5BA-1E91D7064EC9}.Release|Any CPU.Build.0 = Release|Any CPU
		{D0F1BBCB-4B6A-47A1-9258-E35FD243A8D3}.Debug|Any CPU.ActiveCfg = Debug|Any CPU
		{D0F1BBCB-4B6A-47A1-9258-E35FD243A8D3}.Debug|Any CPU.Build.0 = Debug|Any CPU
		{D0F1BBCB-4B6A-47A1-9258-E35FD243A8D3}.Release|Any CPU.ActiveCfg = Release|Any CPU
		{D0F1BBCB-4B6A-47A1-9258-E35FD243A8D3}.Release|Any CPU.Build.0 = Release|Any CPU
		{D86507B8-1B4E-408F-91D2-C6DEB3BA5F46}.Debug|Any CPU.ActiveCfg = Debug|Any CPU
		{D86507B8-1B4E-408F-91D2-C6DEB3BA5F46}.Debug|Any CPU.Build.0 = Debug|Any CPU
		{D86507B8-1B4E-408F-91D2-C6DEB3BA5F46}.Release|Any CPU.ActiveCfg = Release|Any CPU
		{D86507B8-1B4E-408F-91D2-C6DEB3BA5F46}.Release|Any CPU.Build.0 = Release|Any CPU
		{1B4E7BCF-FCA8-4604-9000-45E9ECE2290D}.Debug|Any CPU.ActiveCfg = Debug|Any CPU
		{1B4E7BCF-FCA8-4604-9000-45E9ECE2290D}.Debug|Any CPU.Build.0 = Debug|Any CPU
		{1B4E7BCF-FCA8-4604-9000-45E9ECE2290D}.Release|Any CPU.ActiveCfg = Release|Any CPU
		{1B4E7BCF-FCA8-4604-9000-45E9ECE2290D}.Release|Any CPU.Build.0 = Release|Any CPU
		{62E1B0B4-745A-45FD-8CD9-ECDE02A1714E}.Debug|Any CPU.ActiveCfg = Debug|Any CPU
		{62E1B0B4-745A-45FD-8CD9-ECDE02A1714E}.Debug|Any CPU.Build.0 = Debug|Any CPU
		{62E1B0B4-745A-45FD-8CD9-ECDE02A1714E}.Release|Any CPU.ActiveCfg = Release|Any CPU
		{62E1B0B4-745A-45FD-8CD9-ECDE02A1714E}.Release|Any CPU.Build.0 = Release|Any CPU
		{6DBE1AEB-43AA-4D4E-8A79-559CC5C327C6}.Debug|Any CPU.ActiveCfg = Debug|Any CPU
		{6DBE1AEB-43AA-4D4E-8A79-559CC5C327C6}.Debug|Any CPU.Build.0 = Debug|Any CPU
		{6DBE1AEB-43AA-4D4E-8A79-559CC5C327C6}.Release|Any CPU.ActiveCfg = Release|Any CPU
		{6DBE1AEB-43AA-4D4E-8A79-559CC5C327C6}.Release|Any CPU.Build.0 = Release|Any CPU
	EndGlobalSection
	GlobalSection(SolutionProperties) = preSolution
		HideSolutionNode = FALSE
	EndGlobalSection
	GlobalSection(ExtensibilityGlobals) = postSolution
		SolutionGuid = {BC23ADE7-87DE-4C75-83D1-AF7E50ACE508}
	EndGlobalSection
EndGlobal
